
Microsoft Visual Studio Solution File, Format Version 12.00
# Visual Studio 15
VisualStudioVersion = 15.0.27130.2024
MinimumVisualStudioVersion = 10.0.40219.1
Project("{FAE04EC0-301F-11D3-BF4B-00C04F79EFBC}") = "Chpt25", "Chpt25\Chpt25.csproj", "{A01DCF9C-B3A4-40EC-B894-ABA5AC2F8F41}"
EndProject
Project("{FAE04EC0-301F-11D3-BF4B-00C04F79EFBC}") = "Chpt10", "Chpt10\Chpt10.csproj", "{22C1F0FC-FC78-4A9F-8EE5-6524ED50B741}"
EndProject
Project("{FAE04EC0-301F-11D3-BF4B-00C04F79EFBC}") = "Chpt26.WS", "Chpt26.WS\Chpt26.WS.csproj", "{C9E0E2F2-EE24-427D-AB44-405401A3971D}"
EndProject
Project("{FAE04EC0-301F-11D3-BF4B-00C04F79EFBC}") = "Chpt24", "Chpt24\Chpt24.csproj", "{02B1EBDB-DC53-46AC-8D45-8F62E13D139A}"
EndProject
Global
	GlobalSection(SolutionConfigurationPlatforms) = preSolution
		Debug|Any CPU = Debug|Any CPU
		Release|Any CPU = Release|Any CPU
	EndGlobalSection
	GlobalSection(ProjectConfigurationPlatforms) = postSolution
		{A01DCF9C-B3A4-40EC-B894-ABA5AC2F8F41}.Debug|Any CPU.ActiveCfg = Debug|Any CPU
		{A01DCF9C-B3A4-40EC-B894-ABA5AC2F8F41}.Debug|Any CPU.Build.0 = Debug|Any CPU
		{A01DCF9C-B3A4-40EC-B894-ABA5AC2F8F41}.Release|Any CPU.ActiveCfg = Release|Any CPU
		{A01DCF9C-B3A4-40EC-B894-ABA5AC2F8F41}.Release|Any CPU.Build.0 = Release|Any CPU
		{22C1F0FC-FC78-4A9F-8EE5-6524ED50B741}.Debug|Any CPU.ActiveCfg = Debug|Any CPU
		{22C1F0FC-FC78-4A9F-8EE5-6524ED50B741}.Debug|Any CPU.Build.0 = Debug|Any CPU
		{22C1F0FC-FC78-4A9F-8EE5-6524ED50B741}.Release|Any CPU.ActiveCfg = Release|Any CPU
		{22C1F0FC-FC78-4A9F-8EE5-6524ED50B741}.Release|Any CPU.Build.0 = Release|Any CPU
		{C9E0E2F2-EE24-427D-AB44-405401A3971D}.Debug|Any CPU.ActiveCfg = Debug|Any CPU
		{C9E0E2F2-EE24-427D-AB44-405401A3971D}.Debug|Any CPU.Build.0 = Debug|Any CPU
		{C9E0E2F2-EE24-427D-AB44-405401A3971D}.Release|Any CPU.ActiveCfg = Release|Any CPU
		{C9E0E2F2-EE24-427D-AB44-405401A3971D}.Release|Any CPU.Build.0 = Release|Any CPU
		{02B1EBDB-DC53-46AC-8D45-8F62E13D139A}.Debug|Any CPU.ActiveCfg = Debug|Any CPU
		{02B1EBDB-DC53-46AC-8D45-8F62E13D139A}.Debug|Any CPU.Build.0 = Debug|Any CPU
		{02B1EBDB-DC53-46AC-8D45-8F62E13D139A}.Release|Any CPU.ActiveCfg = Release|Any CPU
		{02B1EBDB-DC53-46AC-8D45-8F62E13D139A}.Release|Any CPU.Build.0 = Release|Any CPU
	EndGlobalSection
	GlobalSection(SolutionProperties) = preSolution
		HideSolutionNode = FALSE
	EndGlobalSection
	GlobalSection(ExtensibilityGlobals) = postSolution
		SolutionGuid = {03172292-DE05-4250-A581-7617F1EA003B}
	EndGlobalSection
EndGlobal
